
Microsoft Visual Studio Solution File, Format Version 12.00
# Visual Studio Version 16
VisualStudioVersion = 16.0.32228.343
MinimumVisualStudioVersion = 10.0.40219.1
Project("{9A19103F-16F7-4668-BE54-9A1E7A4F7556}") = "PGR1x2 Assignment", "PGR1x2 Assignment\PGR1x2 Assignment.csproj", "{64C35ED4-0939-49B5-8DE0-35D236BBDA10}"
EndProject
Global
	GlobalSection(SolutionConfigurationPlatforms) = preSolution
		Debug|Any CPU = Debug|Any CPU
		Release|Any CPU = Release|Any CPU
	EndGlobalSection
	GlobalSection(ProjectConfigurationPlatforms) = postSolution
		{64C35ED4-0939-49B5-8DE0-35D236BBDA10}.Debug|Any CPU.ActiveCfg = Debug|Any CPU
		{64C35ED4-0939-49B5-8DE0-35D236BBDA10}.Debug|Any CPU.Build.0 = Debug|Any CPU
		{64C35ED4-0939-49B5-8DE0-35D236BBDA10}.Release|Any CPU.ActiveCfg = Release|Any CPU
		{64C35ED4-0939-49B5-8DE0-35D236BBDA10}.Release|Any CPU.Build.0 = Release|Any CPU
	EndGlobalSection
	GlobalSection(SolutionProperties) = preSolution
		HideSolutionNode = FALSE
	EndGlobalSection
	GlobalSection(ExtensibilityGlobals) = postSolution
		SolutionGuid = {F8764920-520A-4318-8125-FD6CBD57E4D0}
	EndGlobalSection
EndGlobal
